{
  "version": 4,
  "terraform_version": "1.6.2",
  "serial": 76,
  "lineage": "da83f4cf-0e62-3558-42ea-e6c323e834a0",
  "outputs": {},
  "resources": [
    {
      "mode": "data",
      "type": "octopusdeploy_environments",
      "name": "environments",
      "provider": "provider[\"registry.terraform.io/octopusdeploylabs/octopusdeploy\"]",
      "instances": [
        {
          "schema_version": 0,
          "attributes": {
            "environments": [
              {
                "allow_dynamic_infrastructure": false,
                "description": "",
                "id": "Environments-1",
                "jira_extension_settings": [],
                "jira_service_management_extension_settings": [],
                "name": "UAT",
                "servicenow_extension_settings": [],
                "slug": "uat",
                "sort_order": 0,
                "space_id": "Spaces-1",
                "use_guided_failure": false
              },
              {
                "allow_dynamic_infrastructure": false,
                "description": "",
                "id": "Environments-2",
                "jira_extension_settings": [],
                "jira_service_management_extension_settings": [],
                "name": "PREPROD",
                "servicenow_extension_settings": [],
                "slug": "preprod",
                "sort_order": 0,
                "space_id": "Spaces-1",
                "use_guided_failure": false
              },
              {
                "allow_dynamic_infrastructure": false,
                "description": "",
                "id": "Environments-3",
                "jira_extension_settings": [],
                "jira_service_management_extension_settings": [],
                "name": "PROD",
                "servicenow_extension_settings": [],
                "slug": "prod",
                "sort_order": 0,
                "space_id": "Spaces-1",
                "use_guided_failure": false
              }
            ],
            "id": "Environments 2023-10-24 18:12:20.758661438 +0000 UTC",
            "ids": null,
            "name": null,
            "partial_name": null,
            "skip": null,
            "space_id": null,
            "take": 1000
          },
          "sensitive_attributes": []
        }
      ]
    },
    {
      "mode": "data",
      "type": "octopusdeploy_tag_sets",
      "name": "tag_sets",
      "provider": "provider[\"registry.terraform.io/octopusdeploylabs/octopusdeploy\"]",
      "instances": [
        {
          "schema_version": 0,
          "attributes": {
            "id": "TagSets 2023-10-24 18:12:20.75535965 +0000 UTC",
            "ids": null,
            "partial_name": null,
            "skip": null,
            "space_id": null,
            "tag_sets": [
              {
                "description": "",
                "id": "TagSets-1",
                "name": "Tenant",
                "sort_order": 0,
                "space_id": "Spaces-1"
              }
            ],
            "take": 1000
          },
          "sensitive_attributes": []
        }
      ]
    },
    {
      "mode": "data",
      "type": "vault_kv_secret_v2",
      "name": "secrets",
      "provider": "provider[\"registry.terraform.io/hashicorp/vault\"]",
      "instances": [
        {
          "index_key": "Secrets.Another.Variable",
          "schema_version": 0,
          "attributes": {
            "created_time": "2023-10-24T17:56:45.668064022Z",
            "custom_metadata": null,
            "data": {
              "value": "[{\"value\":\"this is just a plain secret\"}]"
            },
            "data_json": "{\"value\":[{\"value\":\"this is just a plain secret\"}]}",
            "deletion_time": "",
            "destroyed": false,
            "id": "octopus/default/secrets/data/Secrets.Another.Variable",
            "mount": "octopus/default/secrets",
            "name": "Secrets.Another.Variable",
            "namespace": null,
            "path": "octopus/default/secrets/data/Secrets.Another.Variable",
            "version": null
          },
          "sensitive_attributes": []
        },
        {
          "index_key": "Secrets.Name.1",
          "schema_version": 0,
          "attributes": {
            "created_time": "2023-10-24T18:12:05.825847754Z",
            "custom_metadata": null,
            "data": {
              "value": "[{\"value\":\"Default.Value.1\"},{\"scope\":{\"environments\":[\"PREPROD\",\"UAT\",\"PROD\"],\"tenant_tags\":[\"Tenant/Bank of Kenneth\"]},\"value\":\"Default.Value.2.BOKOnly\"},{\"scope\":{\"environments\":[\"PREPROD\"]},\"value\":\"Default.Value.2.Preprod_ONLY\"},{\"scope\":{\"tenant_tags\":[\"Tenant/FI-Hosted\"]},\"value\":\"Default.Value.2.FI_HOSTED_ONLY\"}]"
            },
            "data_json": "{\"value\":[{\"value\":\"Default.Value.1\"},{\"scope\":{\"environments\":[\"PREPROD\",\"UAT\",\"PROD\"],\"tenant_tags\":[\"Tenant/Bank of Kenneth\"]},\"value\":\"Default.Value.2.BOKOnly\"},{\"scope\":{\"environments\":[\"PREPROD\"]},\"value\":\"Default.Value.2.Preprod_ONLY\"},{\"scope\":{\"tenant_tags\":[\"Tenant/FI-Hosted\"]},\"value\":\"Default.Value.2.FI_HOSTED_ONLY\"}]}",
            "deletion_time": "",
            "destroyed": false,
            "id": "octopus/default/secrets/data/Secrets.Name.1",
            "mount": "octopus/default/secrets",
            "name": "Secrets.Name.1",
            "namespace": null,
            "path": "octopus/default/secrets/data/Secrets.Name.1",
            "version": null
          },
          "sensitive_attributes": []
        }
      ]
    },
    {
      "mode": "data",
      "type": "vault_kv_secrets_list_v2",
      "name": "secrets",
      "provider": "provider[\"registry.terraform.io/hashicorp/vault\"]",
      "instances": [
        {
          "schema_version": 0,
          "attributes": {
            "id": "octopus/default/secrets/metadata/",
            "mount": "octopus/default/secrets",
            "name": null,
            "names": [
              "Secrets.Another.Variable",
              "Secrets.Name.1"
            ],
            "namespace": null,
            "path": "octopus/default/secrets/metadata/"
          },
          "sensitive_attributes": []
        }
      ]
    },
    {
      "mode": "managed",
      "type": "octopusdeploy_library_variable_set",
      "name": "default_secrets",
      "provider": "provider[\"registry.terraform.io/octopusdeploylabs/octopusdeploy\"]",
      "instances": [
        {
          "schema_version": 0,
          "attributes": {
            "description": "",
            "id": "LibraryVariableSets-1",
            "name": "Default - Test",
            "space_id": "Spaces-1",
            "template": [],
            "variable_set_id": "variableset-LibraryVariableSets-1"
          },
          "sensitive_attributes": [],
          "private": "bnVsbA=="
        }
      ]
    },
    {
      "mode": "managed",
      "type": "octopusdeploy_library_variable_set",
      "name": "secrets",
      "provider": "provider[\"registry.terraform.io/octopusdeploylabs/octopusdeploy\"]",
      "instances": [
        {
          "schema_version": 0,
          "attributes": {
            "description": "Imported secrets from Vault - Do not modify, these will be overwritten during the next sync",
            "id": "LibraryVariableSets-2",
            "name": "secrets",
            "space_id": "Spaces-1",
            "template": [],
            "variable_set_id": "variableset-LibraryVariableSets-2"
          },
          "sensitive_attributes": [],
          "private": "bnVsbA=="
        }
      ]
    },
    {
      "mode": "managed",
      "type": "octopusdeploy_variable",
      "name": "default_nonsecret_1",
      "provider": "provider[\"registry.terraform.io/octopusdeploylabs/octopusdeploy\"]",
      "instances": [
        {
          "schema_version": 0,
          "attributes": {
            "description": null,
            "encrypted_value": null,
            "id": "6339023b-7002-40f6-b2a9-78b71adb1804",
            "is_editable": true,
            "is_sensitive": false,
            "key_fingerprint": null,
            "name": "Default.NonSecret.1",
            "owner_id": "LibraryVariableSets-1",
            "pgp_key": null,
            "project_id": null,
            "prompt": [],
            "scope": [],
            "sensitive_value": null,
            "space_id": null,
            "type": "String",
            "value": "This is a plain value"
          },
          "sensitive_attributes": [],
          "private": "bnVsbA==",
          "dependencies": [
            "octopusdeploy_library_variable_set.default_secrets"
          ]
        }
      ]
    },
    {
      "mode": "managed",
      "type": "octopusdeploy_variable",
      "name": "secrets",
      "provider": "provider[\"registry.terraform.io/octopusdeploylabs/octopusdeploy\"]",
      "instances": [
        {
          "index_key": "arn:octopus_secrets:secrets.another.variable::",
          "schema_version": 0,
          "attributes": {
            "description": "arn:octopus_secrets:secrets.another.variable::",
            "encrypted_value": null,
            "id": "ca0e4ab6-263b-47ca-8175-237e09f1b71a",
            "is_editable": true,
            "is_sensitive": true,
            "key_fingerprint": null,
            "name": "Secrets.Another.Variable",
            "owner_id": "LibraryVariableSets-2",
            "pgp_key": null,
            "project_id": null,
            "prompt": [],
            "scope": [],
            "sensitive_value": "this is just a plain secret",
            "space_id": null,
            "type": "Sensitive",
            "value": null
          },
          "sensitive_attributes": [],
          "private": "bnVsbA==",
          "dependencies": [
            "data.octopusdeploy_environments.environments",
            "data.vault_kv_secret_v2.secrets",
            "data.vault_kv_secrets_list_v2.secrets",
            "octopusdeploy_library_variable_set.secrets"
          ]
        },
        {
          "index_key": "arn:octopus_secrets:secrets.name.1::",
          "schema_version": 0,
          "attributes": {
            "description": "arn:octopus_secrets:secrets.name.1::",
            "encrypted_value": null,
            "id": "8dcf4277-517c-4add-9fc8-ef92013dd2f4",
            "is_editable": true,
            "is_sensitive": true,
            "key_fingerprint": null,
            "name": "Secrets.Name.1",
            "owner_id": "LibraryVariableSets-2",
            "pgp_key": null,
            "project_id": null,
            "prompt": [],
            "scope": [],
            "sensitive_value": "Default.Value.1",
            "space_id": null,
            "type": "Sensitive",
            "value": null
          },
          "sensitive_attributes": [],
          "private": "bnVsbA==",
          "dependencies": [
            "data.octopusdeploy_environments.environments",
            "data.vault_kv_secret_v2.secrets",
            "data.vault_kv_secrets_list_v2.secrets",
            "octopusdeploy_library_variable_set.secrets"
          ]
        },
        {
          "index_key": "arn:octopus_secrets:secrets.name.1::fi-hosted",
          "schema_version": 0,
          "attributes": {
            "description": "arn:octopus_secrets:secrets.name.1::fi-hosted",
            "encrypted_value": null,
            "id": "d5194687-faf5-4d02-a65c-50e7a1814e3f",
            "is_editable": true,
            "is_sensitive": true,
            "key_fingerprint": null,
            "name": "Secrets.Name.1",
            "owner_id": "LibraryVariableSets-2",
            "pgp_key": null,
            "project_id": null,
            "prompt": [],
            "scope": [
              {
                "actions": null,
                "channels": null,
                "environments": null,
                "machines": null,
                "roles": null,
                "tenant_tags": [
                  "Tenant/FI-Hosted"
                ]
              }
            ],
            "sensitive_value": "Default.Value.2.FI_HOSTED_ONLY",
            "space_id": null,
            "type": "Sensitive",
            "value": null
          },
          "sensitive_attributes": [],
          "private": "bnVsbA==",
          "dependencies": [
            "data.octopusdeploy_environments.environments",
            "data.vault_kv_secret_v2.secrets",
            "data.vault_kv_secrets_list_v2.secrets",
            "octopusdeploy_library_variable_set.secrets"
          ]
        },
        {
          "index_key": "arn:octopus_secrets:secrets.name.1:preprod:",
          "schema_version": 0,
          "attributes": {
            "description": "arn:octopus_secrets:secrets.name.1:preprod:",
            "encrypted_value": null,
            "id": "221e6e1b-ebd9-46da-8eda-0f563999ccda",
            "is_editable": true,
            "is_sensitive": true,
            "key_fingerprint": null,
            "name": "Secrets.Name.1",
            "owner_id": "LibraryVariableSets-2",
            "pgp_key": null,
            "project_id": null,
            "prompt": [],
            "scope": [
              {
                "actions": null,
                "channels": null,
                "environments": [
                  "Environments-2"
                ],
                "machines": null,
                "roles": null,
                "tenant_tags": null
              }
            ],
            "sensitive_value": "Default.Value.2.Preprod_ONLY",
            "space_id": null,
            "type": "Sensitive",
            "value": null
          },
          "sensitive_attributes": [],
          "private": "bnVsbA==",
          "dependencies": [
            "data.octopusdeploy_environments.environments",
            "data.vault_kv_secret_v2.secrets",
            "data.vault_kv_secrets_list_v2.secrets",
            "octopusdeploy_library_variable_set.secrets"
          ]
        },
        {
          "index_key": "arn:octopus_secrets:secrets.name.1:preprod_uat_prod:bank of kenneth",
          "schema_version": 0,
          "attributes": {
            "description": "arn:octopus_secrets:secrets.name.1:preprod_uat_prod:bank of kenneth",
            "encrypted_value": null,
            "id": "5438d08a-2570-414f-af8c-bbf10da3e56d",
            "is_editable": true,
            "is_sensitive": true,
            "key_fingerprint": null,
            "name": "Secrets.Name.1",
            "owner_id": "LibraryVariableSets-2",
            "pgp_key": null,
            "project_id": null,
            "prompt": [],
            "scope": [
              {
                "actions": null,
                "channels": null,
                "environments": [
                  "Environments-2",
                  "Environments-1",
                  "Environments-3"
                ],
                "machines": null,
                "roles": null,
                "tenant_tags": [
                  "Tenant/Bank of Kenneth"
                ]
              }
            ],
            "sensitive_value": "Default.Value.2.BOKOnly",
            "space_id": null,
            "type": "Sensitive",
            "value": null
          },
          "sensitive_attributes": [],
          "private": "bnVsbA==",
          "dependencies": [
            "data.octopusdeploy_environments.environments",
            "data.vault_kv_secret_v2.secrets",
            "data.vault_kv_secrets_list_v2.secrets",
            "octopusdeploy_library_variable_set.secrets"
          ]
        }
      ]
    }
  ],
  "check_results": null
}
