{
  "version": 4,
  "terraform_version": "1.6.2",
  "serial": 67,
  "lineage": "da83f4cf-0e62-3558-42ea-e6c323e834a0",
  "outputs": {},
  "resources": [
    {
      "mode": "data",
      "type": "octopusdeploy_environments",
      "name": "environments",
      "provider": "provider[\"registry.terraform.io/octopusdeploylabs/octopusdeploy\"]",
      "instances": [
        {
          "schema_version": 0,
          "attributes": {
            "environments": [
              {
                "allow_dynamic_infrastructure": true,
                "description": "Environment for utility jobs (not meant to be deployable)",
                "id": "Environments-11",
                "jira_extension_settings": [],
                "jira_service_management_extension_settings": [],
                "name": "UtilityEnv",
                "servicenow_extension_settings": [],
                "slug": "utilityenv",
                "sort_order": 0,
                "space_id": "Spaces-1",
                "use_guided_failure": false
              },
              {
                "allow_dynamic_infrastructure": false,
                "description": "",
                "id": "Environments-21",
                "jira_extension_settings": [],
                "jira_service_management_extension_settings": [],
                "name": "Local",
                "servicenow_extension_settings": [],
                "slug": "local",
                "sort_order": 1,
                "space_id": "Spaces-1",
                "use_guided_failure": false
              },
              {
                "allow_dynamic_infrastructure": false,
                "description": "For testing functionality and features in Development Phase.",
                "id": "Environments-2",
                "jira_extension_settings": [],
                "jira_service_management_extension_settings": [],
                "name": "DEV",
                "servicenow_extension_settings": [],
                "slug": "dev",
                "sort_order": 2,
                "space_id": "Spaces-1",
                "use_guided_failure": true
              },
              {
                "allow_dynamic_infrastructure": false,
                "description": "QA Testing",
                "id": "Environments-6",
                "jira_extension_settings": [],
                "jira_service_management_extension_settings": [],
                "name": "QA",
                "servicenow_extension_settings": [],
                "slug": "qa",
                "sort_order": 3,
                "space_id": "Spaces-1",
                "use_guided_failure": true
              },
              {
                "allow_dynamic_infrastructure": false,
                "description": "",
                "id": "Environments-41",
                "jira_extension_settings": [],
                "jira_service_management_extension_settings": [],
                "name": "STG",
                "servicenow_extension_settings": [],
                "slug": "stg",
                "sort_order": 4,
                "space_id": "Spaces-1",
                "use_guided_failure": true
              },
              {
                "allow_dynamic_infrastructure": false,
                "description": "Environment where demonstrations can be performed.",
                "id": "Environments-1",
                "jira_extension_settings": [],
                "jira_service_management_extension_settings": [],
                "name": "Demo",
                "servicenow_extension_settings": [],
                "slug": "demo",
                "sort_order": 5,
                "space_id": "Spaces-1",
                "use_guided_failure": true
              },
              {
                "allow_dynamic_infrastructure": false,
                "description": "CITI's SIT environment.",
                "id": "Environments-8",
                "jira_extension_settings": [],
                "jira_service_management_extension_settings": [],
                "name": "SIT",
                "servicenow_extension_settings": [],
                "slug": "sit",
                "sort_order": 6,
                "space_id": "Spaces-1",
                "use_guided_failure": true
              },
              {
                "allow_dynamic_infrastructure": false,
                "description": "Simulation testing",
                "id": "Environments-7",
                "jira_extension_settings": [],
                "jira_service_management_extension_settings": [],
                "name": "SIM",
                "servicenow_extension_settings": [],
                "slug": "sim",
                "sort_order": 7,
                "space_id": "Spaces-1",
                "use_guided_failure": true
              },
              {
                "allow_dynamic_infrastructure": false,
                "description": "Pre-production acceptance and testing.",
                "id": "Environments-3",
                "jira_extension_settings": [],
                "jira_service_management_extension_settings": [],
                "name": "PREPROD",
                "servicenow_extension_settings": [],
                "slug": "preprod",
                "sort_order": 8,
                "space_id": "Spaces-1",
                "use_guided_failure": true
              },
              {
                "allow_dynamic_infrastructure": false,
                "description": "",
                "id": "Environments-10",
                "jira_extension_settings": [],
                "jira_service_management_extension_settings": [],
                "name": "UAT",
                "servicenow_extension_settings": [],
                "slug": "uat",
                "sort_order": 9,
                "space_id": "Spaces-1",
                "use_guided_failure": true
              },
              {
                "allow_dynamic_infrastructure": false,
                "description": "LIVE PRODUCTION in SASDOM",
                "id": "Environments-5",
                "jira_extension_settings": [],
                "jira_service_management_extension_settings": [],
                "name": "PROD",
                "servicenow_extension_settings": [],
                "slug": "prod",
                "sort_order": 10,
                "space_id": "Spaces-1",
                "use_guided_failure": true
              },
              {
                "allow_dynamic_infrastructure": false,
                "description": "",
                "id": "Environments-9",
                "jira_extension_settings": [],
                "jira_service_management_extension_settings": [],
                "name": "Tenant Staging",
                "servicenow_extension_settings": [],
                "slug": "tenant-staging",
                "sort_order": 11,
                "space_id": "Spaces-1",
                "use_guided_failure": true
              },
              {
                "allow_dynamic_infrastructure": false,
                "description": "Our offsite hosting platform for central services and demos.",
                "id": "Environments-4",
                "jira_extension_settings": [],
                "jira_service_management_extension_settings": [],
                "name": "PROD-WEB3",
                "servicenow_extension_settings": [],
                "slug": "prod-web3",
                "sort_order": 12,
                "space_id": "Spaces-1",
                "use_guided_failure": true
              }
            ],
            "id": "Environments 2023-10-24 14:42:04.797408235 +0000 UTC",
            "ids": null,
            "name": null,
            "partial_name": null,
            "skip": null,
            "space_id": null,
            "take": 1000
          },
          "sensitive_attributes": []
        }
      ]
    },
    {
      "mode": "data",
      "type": "octopusdeploy_tag_sets",
      "name": "tag_sets",
      "provider": "provider[\"registry.terraform.io/octopusdeploylabs/octopusdeploy\"]",
      "instances": [
        {
          "schema_version": 0,
          "attributes": {
            "id": "TagSets 2023-10-24 14:42:04.799801502 +0000 UTC",
            "ids": null,
            "partial_name": null,
            "skip": null,
            "space_id": null,
            "tag_sets": [
              {
                "description": "Tenant",
                "id": "TagSets-1",
                "name": "Tenant",
                "sort_order": 1,
                "space_id": "Spaces-1"
              },
              {
                "description": "",
                "id": "TagSets-141",
                "name": "Daria",
                "sort_order": 1,
                "space_id": "Spaces-1"
              },
              {
                "description": "",
                "id": "TagSets-2",
                "name": "XurRef Subset Tag",
                "sort_order": 2,
                "space_id": "Spaces-1"
              },
              {
                "description": "",
                "id": "TagSets-121",
                "name": "Service Username and Password Version Set",
                "sort_order": 3,
                "space_id": "Spaces-1"
              },
              {
                "description": "Type of SosNet Endpoint Plugin",
                "id": "TagSets-41",
                "name": "EndpointPluginType",
                "sort_order": 3,
                "space_id": "Spaces-1"
              },
              {
                "description": "",
                "id": "TagSets-161",
                "name": "'Bank of America - AWS",
                "sort_order": 5,
                "space_id": "Spaces-1"
              }
            ],
            "take": 1000
          },
          "sensitive_attributes": []
        }
      ]
    },
    {
      "mode": "data",
      "type": "vault_kv_secret_v2",
      "name": "secrets",
      "provider": "provider[\"registry.terraform.io/hashicorp/vault\"]",
      "instances": [
        {
          "index_key": "Secrets.Another.Variable",
          "schema_version": 0,
          "attributes": {
            "created_time": "2023-10-24T14:40:38.471437966Z",
            "custom_metadata": null,
            "data": {
              "value": "[{\"value\":\"this is just a plain secret\"},{\"scope\":{\"tenant_tags\":[\"Tenant/FI-Hosted\"]},\"value\":\"added after scope\"}]"
            },
            "data_json": "{\"value\":[{\"value\":\"this is just a plain secret\"},{\"scope\":{\"tenant_tags\":[\"Tenant/FI-Hosted\"]},\"value\":\"added after scope\"}]}",
            "deletion_time": "",
            "destroyed": false,
            "id": "octopus/default/secrets/data/Secrets.Another.Variable",
            "mount": "octopus/default/secrets",
            "name": "Secrets.Another.Variable",
            "namespace": null,
            "path": "octopus/default/secrets/data/Secrets.Another.Variable",
            "version": null
          },
          "sensitive_attributes": []
        }
      ]
    },
    {
      "mode": "data",
      "type": "vault_kv_secrets_list_v2",
      "name": "secrets",
      "provider": "provider[\"registry.terraform.io/hashicorp/vault\"]",
      "instances": [
        {
          "schema_version": 0,
          "attributes": {
            "id": "octopus/default/secrets/metadata/",
            "mount": "octopus/default/secrets",
            "name": null,
            "names": [
              "Secrets.Another.Variable"
            ],
            "namespace": null,
            "path": "octopus/default/secrets/metadata/"
          },
          "sensitive_attributes": []
        }
      ]
    },
    {
      "mode": "managed",
      "type": "octopusdeploy_library_variable_set",
      "name": "default_secrets",
      "provider": "provider[\"registry.terraform.io/octopusdeploylabs/octopusdeploy\"]",
      "instances": [
        {
          "schema_version": 0,
          "attributes": {
            "description": "",
            "id": "LibraryVariableSets-121",
            "name": "Default - Test",
            "space_id": "Spaces-1",
            "template": [],
            "variable_set_id": "variableset-LibraryVariableSets-121"
          },
          "sensitive_attributes": [],
          "private": "bnVsbA=="
        }
      ]
    },
    {
      "mode": "managed",
      "type": "octopusdeploy_library_variable_set",
      "name": "secrets",
      "provider": "provider[\"registry.terraform.io/octopusdeploylabs/octopusdeploy\"]",
      "instances": [
        {
          "schema_version": 0,
          "attributes": {
            "description": "Imported secrets from Vault - Do not modify, these will be overwritten during the next sync",
            "id": "LibraryVariableSets-122",
            "name": "secrets",
            "space_id": "Spaces-1",
            "template": [],
            "variable_set_id": "variableset-LibraryVariableSets-122"
          },
          "sensitive_attributes": [],
          "private": "bnVsbA=="
        }
      ]
    },
    {
      "mode": "managed",
      "type": "octopusdeploy_variable",
      "name": "default_nonsecret_1",
      "provider": "provider[\"registry.terraform.io/octopusdeploylabs/octopusdeploy\"]",
      "instances": [
        {
          "schema_version": 0,
          "attributes": {
            "description": "",
            "encrypted_value": null,
            "id": "24a9756c-6ca1-4368-b1b8-b56c0ead4c14",
            "is_editable": true,
            "is_sensitive": false,
            "key_fingerprint": null,
            "name": "Default.NonSecret.1",
            "owner_id": "LibraryVariableSets-121",
            "pgp_key": null,
            "project_id": null,
            "prompt": [],
            "scope": [],
            "sensitive_value": null,
            "space_id": null,
            "type": "String",
            "value": "This is a plain value"
          },
          "sensitive_attributes": [],
          "private": "bnVsbA==",
          "dependencies": [
            "octopusdeploy_library_variable_set.default_secrets"
          ]
        }
      ]
    },
    {
      "mode": "managed",
      "type": "octopusdeploy_variable",
      "name": "secrets",
      "provider": "provider[\"registry.terraform.io/octopusdeploylabs/octopusdeploy\"]",
      "instances": [
        {
          "index_key": "arn:octopus_secrets:secrets.another.variable::",
          "schema_version": 0,
          "attributes": {
            "description": "arn:octopus_secrets:secrets.another.variable::",
            "encrypted_value": null,
            "id": "de6df895-b833-49ec-86ae-cbcdf668608e",
            "is_editable": true,
            "is_sensitive": true,
            "key_fingerprint": null,
            "name": "Secrets.Another.Variable",
            "owner_id": "LibraryVariableSets-122",
            "pgp_key": null,
            "project_id": null,
            "prompt": [],
            "scope": [],
            "sensitive_value": "this is just a plain secret",
            "space_id": null,
            "type": "Sensitive",
            "value": ""
          },
          "sensitive_attributes": [],
          "private": "bnVsbA==",
          "dependencies": [
            "data.octopusdeploy_environments.environments",
            "data.vault_kv_secret_v2.secrets",
            "data.vault_kv_secrets_list_v2.secrets",
            "octopusdeploy_library_variable_set.secrets"
          ]
        },
        {
          "index_key": "arn:octopus_secrets:secrets.another.variable::fi-hosted",
          "schema_version": 0,
          "attributes": {
            "description": "arn:octopus_secrets:secrets.another.variable::fi-hosted",
            "encrypted_value": null,
            "id": "b23d5ef6-1576-4c8c-83e4-577544555776",
            "is_editable": true,
            "is_sensitive": true,
            "key_fingerprint": null,
            "name": "Secrets.Another.Variable",
            "owner_id": "LibraryVariableSets-122",
            "pgp_key": null,
            "project_id": null,
            "prompt": [],
            "scope": [
              {
                "actions": [],
                "channels": [],
                "environments": [],
                "machines": [],
                "roles": [],
                "tenant_tags": [
                  "Tenant/FI-Hosted"
                ]
              }
            ],
            "sensitive_value": "added after scope",
            "space_id": null,
            "type": "Sensitive",
            "value": ""
          },
          "sensitive_attributes": [],
          "private": "bnVsbA==",
          "dependencies": [
            "data.octopusdeploy_environments.environments",
            "data.vault_kv_secret_v2.secrets",
            "data.vault_kv_secrets_list_v2.secrets",
            "octopusdeploy_library_variable_set.secrets"
          ]
        }
      ]
    }
  ],
  "check_results": null
}
